lockfileVersion: '9.0'

settings:
  autoInstallPeers: true
  excludeLinksFromLockfile: false

importers:

  .:
    devDependencies:
      oxlint:
        specifier: ^1.42.0
        version: 1.42.0(oxlint-tsgolint@0.11.3)
      oxlint-tsgolint:
        specifier: ^0.11.3
        version: 0.11.3
      typescript:
        specifier: ^5.9.3
        version: 5.9.3

packages:

  '@oxlint-tsgolint/darwin-arm64@0.11.3':
    resolution: {integrity: sha512-FU4e+w09D+2rkCVdL7I7zMuQOJ2tuapVhBGPGY66VAct2FUwFDVmgU+rNJ2hHIdc9uHg24v+FD8PcfFYpask8Q==}
    cpu: [arm64]
    os: [darwin]

  '@oxlint-tsgolint/darwin-x64@0.11.3':
    resolution: {integrity: sha512-7sm1d920HfFsC3hIP7SJVm11WhYufA8qnLQQVk7odTpSzVUAT1jtG8LdfFigzgb38zHszQbsqJ7OjAgIW/OgmA==}
    cpu: [x64]
    os: [darwin]

  '@oxlint-tsgolint/linux-arm64@0.11.3':
    resolution: {integrity: sha512-eoJfdmHcpG9k8fufb8yL3rC3HC6QELoTEfs56lmGaRIHHmd1aj4MWDbGCqdRqPEp7oC5fVvFxi7wDkA1MDf99Q==}
    cpu: [arm64]
    os: [linux]

  '@oxlint-tsgolint/linux-x64@0.11.3':
    resolution: {integrity: sha512-t7jGK0vBApuAGvOnCPTxsdX+1e9nMdvqU3zHCJWQ7yUDaJxki0bCy4zbKfUgVo8ePeVRgIKWwqLFBOVTXQ5AMQ==}
    cpu: [x64]
    os: [linux]

  '@oxlint-tsgolint/win32-arm64@0.11.3':
    resolution: {integrity: sha512-6ellG0zcWnj2b6Mr7fl19x+nlFIWGWoKCBlYnqNZ4CaziRYGpYx7PLwHhPJq331w7zzRRSnYqhyTrVluYjZADQ==}
    cpu: [arm64]
    os: [win32]

  '@oxlint-tsgolint/win32-x64@0.11.3':
    resolution: {integrity: sha512-rzvfaRJPK9eRYVWMXCt8JtvOsVFAsqScgsFhnXzsipU6W1Te0g+b4q068o7hZ3NRTjJxNgFJj8ayOkZ6NbX0tA==}
    cpu: [x64]
    os: [win32]

  '@oxlint/darwin-arm64@1.42.0':
    resolution: {integrity: sha512-ui5CdAcDsXPQwZQEXOOSWsilJWhgj9jqHCvYBm2tDE8zfwZZuF9q58+hGKH1x5y0SV4sRlyobB2Quq6uU6EgeA==}
    cpu: [arm64]
    os: [darwin]

  '@oxlint/darwin-x64@1.42.0':
    resolution: {integrity: sha512-wo0M/hcpHRv7vFje99zHHqheOhVEwUOKjOgBKyi0M99xcLizv04kcSm1rTd6HSCeZgOtiJYZRVAlKhQOQw2byQ==}
    cpu: [x64]
    os: [darwin]

  '@oxlint/linux-arm64-gnu@1.42.0':
    resolution: {integrity: sha512-j4QzfCM8ks+OyM+KKYWDiBEQsm5RCW50H1Wz16wUyoFsobJ+X5qqcJxq6HvkE07m8euYmZelyB0WqsiDoz1v8g==}
    cpu: [arm64]
    os: [linux]
    libc: [glibc]

  '@oxlint/linux-arm64-musl@1.42.0':
    resolution: {integrity: sha512-g5b1Uw7zo6yw4Ymzyd1etKzAY7xAaGA3scwB8tAp3QzuY7CYdfTwlhiLKSAKbd7T/JBgxOXAGNcLDorJyVTXcg==}
    cpu: [arm64]
    os: [linux]
    libc: [musl]

  '@oxlint/linux-x64-gnu@1.42.0':
    resolution: {integrity: sha512-HnD99GD9qAbpV4q9iQil7mXZUJFpoBdDavfcC2CgGLPlawfcV5COzQPNwOgvPVkr7C0cBx6uNCq3S6r9IIiEIg==}
    cpu: [x64]
    os: [linux]
    libc: [glibc]

  '@oxlint/linux-x64-musl@1.42.0':
    resolution: {integrity: sha512-8NTe8A78HHFn+nBi+8qMwIjgv9oIBh+9zqCPNLH56ah4vKOPvbePLI6NIv9qSkmzrBuu8SB+FJ2TH/G05UzbNA==}
    cpu: [x64]
    os: [linux]
    libc: [musl]

  '@oxlint/win32-arm64@1.42.0':
    resolution: {integrity: sha512-lAPS2YAuu+qFqoTNPFcNsxXjwSV0M+dOgAzzVTAN7Yo2ifj+oLOx0GsntWoM78PvQWI7Q827ZxqtU2ImBmDapA==}
    cpu: [arm64]
    os: [win32]

  '@oxlint/win32-x64@1.42.0':
    resolution: {integrity: sha512-3/KmyUOHNriL6rLpaFfm9RJxdhpXY2/Ehx9UuorJr2pUA+lrZL15FAEx/DOszYm5r10hfzj40+efAHcCilNvSQ==}
    cpu: [x64]
    os: [win32]

  oxlint-tsgolint@0.11.3:
    resolution: {integrity: sha512-zkuGXJzE5WIoGQ6CHG3GbxncPNrvUG9giTKdXMqKrlieCRxa9hGMvMJM+7DFxKSaryVAEFrTQJNrGJHpeMmFPg==}
    hasBin: true

  oxlint@1.42.0:
    resolution: {integrity: sha512-qnspC/lrp8FgKNaONLLn14dm+W5t0SSlus6V5NJpgI2YNT1tkFYZt4fBf14ESxf9AAh98WBASnW5f0gtw462Lg==}
    engines: {node: ^20.19.0 || >=22.12.0}
    hasBin: true
    peerDependencies:
      oxlint-tsgolint: '>=0.11.2'
    peerDependenciesMeta:
      oxlint-tsgolint:
        optional: true

  typescript@5.9.3:
    resolution: {integrity: sha512-jl1vZzPDinLr9eUt3J/t7V6FgNEw9QjvBPdysz9KfQDD41fQrC2Y4vKQdiaUpFT4bXlb1RHhLpp8wtm6M5TgSw==}
    engines: {node: '>=14.17'}
    hasBin: true

snapshots:

  '@oxlint-tsgolint/darwin-arm64@0.11.3':
    optional: true

  '@oxlint-tsgolint/darwin-x64@0.11.3':
    optional: true

  '@oxlint-tsgolint/linux-arm64@0.11.3':
    optional: true

  '@oxlint-tsgolint/linux-x64@0.11.3':
    optional: true

  '@oxlint-tsgolint/win32-arm64@0.11.3':
    optional: true

  '@oxlint-tsgolint/win32-x64@0.11.3':
    optional: true

  '@oxlint/darwin-arm64@1.42.0':
    optional: true

  '@oxlint/darwin-x64@1.42.0':
    optional: true

  '@oxlint/linux-arm64-gnu@1.42.0':
    optional: true

  '@oxlint/linux-arm64-musl@1.42.0':
    optional: true

  '@oxlint/linux-x64-gnu@1.42.0':
    optional: true

  '@oxlint/linux-x64-musl@1.42.0':
    optional: true

  '@oxlint/win32-arm64@1.42.0':
    optional: true

  '@oxlint/win32-x64@1.42.0':
    optional: true

  oxlint-tsgolint@0.11.3:
    optionalDependencies:
      '@oxlint-tsgolint/darwin-arm64': 0.11.3
      '@oxlint-tsgolint/darwin-x64': 0.11.3
      '@oxlint-tsgolint/linux-arm64': 0.11.3
      '@oxlint-tsgolint/linux-x64': 0.11.3
      '@oxlint-tsgolint/win32-arm64': 0.11.3
      '@oxlint-tsgolint/win32-x64': 0.11.3

  oxlint@1.42.0(oxlint-tsgolint@0.11.3):
    optionalDependencies:
      '@oxlint/darwin-arm64': 1.42.0
      '@oxlint/darwin-x64': 1.42.0
      '@oxlint/linux-arm64-gnu': 1.42.0
      '@oxlint/linux-arm64-musl': 1.42.0
      '@oxlint/linux-x64-gnu': 1.42.0
      '@oxlint/linux-x64-musl': 1.42.0
      '@oxlint/win32-arm64': 1.42.0
      '@oxlint/win32-x64': 1.42.0
      oxlint-tsgolint: 0.11.3

  typescript@5.9.3: {}
